
Microsoft Visual Studio Solution File, Format Version 12.00
# Visual Studio 2012
Project("{FAE04EC0-301F-11D3-BF4B-00C04F79EFBC}") = "TutorScout24", "TutorScout24\TutorScout24.csproj", "{B919BDD6-C365-4950-BF10-A637979289A0}"
EndProject
Project("{FAE04EC0-301F-11D3-BF4B-00C04F79EFBC}") = "TutorScout24.iOS", "iOS\TutorScout24.iOS.csproj", "{6160DFB7-8314-4519-B121-547585530D9E}"
EndProject
Project("{FAE04EC0-301F-11D3-BF4B-00C04F79EFBC}") = "TutorScout24.Droid", "Droid\TutorScout24.Droid.csproj", "{D386E99C-AFD0-4E12-973B-986F33428346}"
EndProject
Global
	GlobalSection(SolutionConfigurationPlatforms) = preSolution
		Debug|Any CPU = Debug|Any CPU
		Release|Any CPU = Release|Any CPU
		Debug|iPhoneSimulator = Debug|iPhoneSimulator
		Release|iPhone = Release|iPhone
		Release|iPhoneSimulator = Release|iPhoneSimulator
		Debug|iPhone = Debug|iPhone
	EndGlobalSection
	GlobalSection(ProjectConfigurationPlatforms) = postSolution
		{B919BDD6-C365-4950-BF10-A637979289A0}.Debug|Any CPU.ActiveCfg = Debug|Any CPU
		{B919BDD6-C365-4950-BF10-A637979289A0}.Debug|Any CPU.Build.0 = Debug|Any CPU
		{B919BDD6-C365-4950-BF10-A637979289A0}.Release|Any CPU.ActiveCfg = Release|Any CPU
		{B919BDD6-C365-4950-BF10-A637979289A0}.Release|Any CPU.Build.0 = Release|Any CPU
		{B919BDD6-C365-4950-BF10-A637979289A0}.Debug|iPhoneSimulator.ActiveCfg = Debug|Any CPU
		{B919BDD6-C365-4950-BF10-A637979289A0}.Debug|iPhoneSimulator.Build.0 = Debug|Any CPU
		{B919BDD6-C365-4950-BF10-A637979289A0}.Release|iPhone.ActiveCfg = Release|Any CPU
		{B919BDD6-C365-4950-BF10-A637979289A0}.Release|iPhone.Build.0 = Release|Any CPU
		{B919BDD6-C365-4950-BF10-A637979289A0}.Release|iPhoneSimulator.ActiveCfg = Release|Any CPU
		{B919BDD6-C365-4950-BF10-A637979289A0}.Release|iPhoneSimulator.Build.0 = Release|Any CPU
		{B919BDD6-C365-4950-BF10-A637979289A0}.Debug|iPhone.ActiveCfg = Debug|Any CPU
		{B919BDD6-C365-4950-BF10-A637979289A0}.Debug|iPhone.Build.0 = Debug|Any CPU
		{6160DFB7-8314-4519-B121-547585530D9E}.Debug|Any CPU.ActiveCfg = Debug|iPhoneSimulator
		{6160DFB7-8314-4519-B121-547585530D9E}.Debug|Any CPU.Build.0 = Debug|iPhoneSimulator
		{6160DFB7-8314-4519-B121-547585530D9E}.Release|Any CPU.ActiveCfg = Release|iPhone
		{6160DFB7-8314-4519-B121-547585530D9E}.Release|Any CPU.Build.0 = Release|iPhone
		{6160DFB7-8314-4519-B121-547585530D9E}.Debug|iPhoneSimulator.ActiveCfg = Debug|iPhoneSimulator
		{6160DFB7-8314-4519-B121-547585530D9E}.Debug|iPhoneSimulator.Build.0 = Debug|iPhoneSimulator
		{6160DFB7-8314-4519-B121-547585530D9E}.Release|iPhone.ActiveCfg = Release|iPhone
		{6160DFB7-8314-4519-B121-547585530D9E}.Release|iPhone.Build.0 = Release|iPhone
		{6160DFB7-8314-4519-B121-547585530D9E}.Release|iPhoneSimulator.ActiveCfg = Release|iPhoneSimulator
		{6160DFB7-8314-4519-B121-547585530D9E}.Release|iPhoneSimulator.Build.0 = Release|iPhoneSimulator
		{6160DFB7-8314-4519-B121-547585530D9E}.Debug|iPhone.ActiveCfg = Debug|iPhone
		{6160DFB7-8314-4519-B121-547585530D9E}.Debug|iPhone.Build.0 = Debug|iPhone
		{D386E99C-AFD0-4E12-973B-986F33428346}.Debug|Any CPU.ActiveCfg = Debug|Any CPU
		{D386E99C-AFD0-4E12-973B-986F33428346}.Debug|Any CPU.Build.0 = Debug|Any CPU
		{D386E99C-AFD0-4E12-973B-986F33428346}.Release|Any CPU.ActiveCfg = Release|Any CPU
		{D386E99C-AFD0-4E12-973B-986F33428346}.Release|Any CPU.Build.0 = Release|Any CPU
		{D386E99C-AFD0-4E12-973B-986F33428346}.Debug|iPhoneSimulator.ActiveCfg = Debug|Any CPU
		{D386E99C-AFD0-4E12-973B-986F33428346}.Debug|iPhoneSimulator.Build.0 = Debug|Any CPU
		{D386E99C-AFD0-4E12-973B-986F33428346}.Release|iPhone.ActiveCfg = Release|Any CPU
		{D386E99C-AFD0-4E12-973B-986F33428346}.Release|iPhone.Build.0 = Release|Any CPU
		{D386E99C-AFD0-4E12-973B-986F33428346}.Release|iPhoneSimulator.ActiveCfg = Release|Any CPU
		{D386E99C-AFD0-4E12-973B-986F33428346}.Release|iPhoneSimulator.Build.0 = Release|Any CPU
		{D386E99C-AFD0-4E12-973B-986F33428346}.Debug|iPhone.ActiveCfg = Debug|Any CPU
		{D386E99C-AFD0-4E12-973B-986F33428346}.Debug|iPhone.Build.0 = Debug|Any CPU
	EndGlobalSection
EndGlobal
